
Microsoft Visual Studio Solution File, Format Version 12.00
# Visual Studio Version 16
VisualStudioVersion = 16.0.33027.164
MinimumVisualStudioVersion = 10.0.40219.1
Project("{FAE04EC0-301F-11D3-BF4B-00C04F79EFBC}") = "Lab8", "Lab8.csproj", "{E5647A91-DADC-4447-8FFC-AB1BCAAEBB02}"
EndProject
Global
	GlobalSection(SolutionConfigurationPlatforms) = preSolution
		Debug|Any CPU = Debug|Any CPU
		Release|Any CPU = Release|Any CPU
	EndGlobalSection
	GlobalSection(ProjectConfigurationPlatforms) = postSolution
		{E5647A91-DADC-4447-8FFC-AB1BCAAEBB02}.Debug|Any CPU.ActiveCfg = Debug|Any CPU
		{E5647A91-DADC-4447-8FFC-AB1BCAAEBB02}.Debug|Any CPU.Build.0 = Debug|Any CPU
		{E5647A91-DADC-4447-8FFC-AB1BCAAEBB02}.Release|Any CPU.ActiveCfg = Release|Any CPU
		{E5647A91-DADC-4447-8FFC-AB1BCAAEBB02}.Release|Any CPU.Build.0 = Release|Any CPU
	EndGlobalSection
	GlobalSection(SolutionProperties) = preSolution
		HideSolutionNode = FALSE
	EndGlobalSection
	GlobalSection(ExtensibilityGlobals) = postSolution
		SolutionGuid = {3F242B7E-58F4-4F54-A16B-B0EB8A4BB9C3}
	EndGlobalSection
EndGlobal
